
Microsoft Visual Studio Solution File, Format Version 12.00
# Visual Studio 15
VisualStudioVersion = 15.0.28307.329
MinimumVisualStudioVersion = 10.0.40219.1
Project("{9A19103F-16F7-4668-BE54-9A1E7A4F7556}") = "KelloTimetracker", "KelloTimetracker\KelloTimetracker.csproj", "{CE907BD1-FBB9-45F1-8354-40B5A6F60E74}"
EndProject
Global
	GlobalSection(SolutionConfigurationPlatforms) = preSolution
		Debug|Any CPU = Debug|Any CPU
		Release|Any CPU = Release|Any CPU
	EndGlobalSection
	GlobalSection(ProjectConfigurationPlatforms) = postSolution
		{CE907BD1-FBB9-45F1-8354-40B5A6F60E74}.Debug|Any CPU.ActiveCfg = Debug|Any CPU
		{CE907BD1-FBB9-45F1-8354-40B5A6F60E74}.Debug|Any CPU.Build.0 = Debug|Any CPU
		{CE907BD1-FBB9-45F1-8354-40B5A6F60E74}.Release|Any CPU.ActiveCfg = Release|Any CPU
		{CE907BD1-FBB9-45F1-8354-40B5A6F60E74}.Release|Any CPU.Build.0 = Release|Any CPU
	EndGlobalSection
	GlobalSection(SolutionProperties) = preSolution
		HideSolutionNode = FALSE
	EndGlobalSection
	GlobalSection(ExtensibilityGlobals) = postSolution
		SolutionGuid = {10329069-FA92-4021-A202-1EE7524CDBEF}
	EndGlobalSection
EndGlobal
